
Microsoft Visual Studio Solution File, Format Version 12.00
# Visual Studio Version 17
VisualStudioVersion = 17.7.34202.233
MinimumVisualStudioVersion = 10.0.40219.1
Project("{FAE04EC0-301F-11D3-BF4B-00C04F79EFBC}") = "RegistroEstudiante", "RegistroEstudiante.csproj", "{84EFD1DD-39A8-40C5-87B1-43CDDB66846E}"
EndProject
Global
	GlobalSection(SolutionConfigurationPlatforms) = preSolution
		Debug|Any CPU = Debug|Any CPU
		Release|Any CPU = Release|Any CPU
	EndGlobalSection
	GlobalSection(ProjectConfigurationPlatforms) = postSolution
		{84EFD1DD-39A8-40C5-87B1-43CDDB66846E}.Debug|Any CPU.ActiveCfg = Debug|Any CPU
		{84EFD1DD-39A8-40C5-87B1-43CDDB66846E}.Debug|Any CPU.Build.0 = Debug|Any CPU
		{84EFD1DD-39A8-40C5-87B1-43CDDB66846E}.Debug|Any CPU.Deploy.0 = Debug|Any CPU
		{84EFD1DD-39A8-40C5-87B1-43CDDB66846E}.Release|Any CPU.ActiveCfg = Release|Any CPU
		{84EFD1DD-39A8-40C5-87B1-43CDDB66846E}.Release|Any CPU.Build.0 = Release|Any CPU
		{84EFD1DD-39A8-40C5-87B1-43CDDB66846E}.Release|Any CPU.Deploy.0 = Release|Any CPU
	EndGlobalSection
	GlobalSection(SolutionProperties) = preSolution
		HideSolutionNode = FALSE
	EndGlobalSection
	GlobalSection(ExtensibilityGlobals) = postSolution
		SolutionGuid = {D3CD18BA-DA97-4382-B40B-3163DF4C50F3}
	EndGlobalSection
EndGlobal
